// !$*UTF8*$!
{
	archiveVersion = 1;
	classes = {
	};
	objectVersion = 51;
	objects = {

/* Begin PBXBuildFile section */
		01232AE025A9C7D000F0BB42 /* AppDelegate.swift in Sources */ = {isa = PBXBuildFile; fileRef = 01232ADF25A9C7D000F0BB42 /* AppDelegate.swift */; };
		01232AE425A9C7D000F0BB42 /* ViewController.swift in Sources */ = {isa = PBXBuildFile; fileRef = 01232AE325A9C7D000F0BB42 /* ViewController.swift */; };
		01232AE725A9C7D000F0BB42 /* Main.storyboard in Resources */ = {isa = PBXBuildFile; fileRef = 01232AE525A9C7D000F0BB42 /* Main.storyboard */; };
		01232AE925A9C7D300F0BB42 /* Assets.xcassets in Resources */ = {isa = PBXBuildFile; fileRef = 01232AE825A9C7D300F0BB42 /* Assets.xcassets */; };
		01232AEC25A9C7D300F0BB42 /* LaunchScreen.storyboard in Resources */ = {isa = PBXBuildFile; fileRef = 01232AEA25A9C7D300F0BB42 /* LaunchScreen.storyboard */; };
		0161B6EC25B2AFD30087882B /* BaseUrlConfig.swift in Sources */ = {isa = PBXBuildFile; fileRef = 0161B6EB25B2AFD30087882B /* BaseUrlConfig.swift */; };
		0161B6ED25B2AFD30087882B /* BaseUrlConfig.swift in Sources */ = {isa = PBXBuildFile; fileRef = 0161B6EB25B2AFD30087882B /* BaseUrlConfig.swift */; };
		0161B6EE25B2AFD30087882B /* BaseUrlConfig.swift in Sources */ = {isa = PBXBuildFile; fileRef = 0161B6EB25B2AFD30087882B /* BaseUrlConfig.swift */; };
		0161B6FF25B2D14A0087882B /* OtpViewController.swift in Sources */ = {isa = PBXBuildFile; fileRef = 0161B6FE25B2D14A0087882B /* OtpViewController.swift */; };
		0161B70025B2D14A0087882B /* OtpViewController.swift in Sources */ = {isa = PBXBuildFile; fileRef = 0161B6FE25B2D14A0087882B /* OtpViewController.swift */; };
		0161B70125B2D14A0087882B /* OtpViewController.swift in Sources */ = {isa = PBXBuildFile; fileRef = 0161B6FE25B2D14A0087882B /* OtpViewController.swift */; };
		018E144C25AA32D0004C5391 /* SignInViewController.swift in Sources */ = {isa = PBXBuildFile; fileRef = 018E144B25AA32D0004C5391 /* SignInViewController.swift */; };
		018E144D25AA32D0004C5391 /* SignInViewController.swift in Sources */ = {isa = PBXBuildFile; fileRef = 018E144B25AA32D0004C5391 /* SignInViewController.swift */; };
		018E144E25AA32D0004C5391 /* SignInViewController.swift in Sources */ = {isa = PBXBuildFile; fileRef = 018E144B25AA32D0004C5391 /* SignInViewController.swift */; };
		018E145325AA32E2004C5391 /* SignInModel.swift in Sources */ = {isa = PBXBuildFile; fileRef = 018E145225AA32E2004C5391 /* SignInModel.swift */; };
		018E145425AA32E2004C5391 /* SignInModel.swift in Sources */ = {isa = PBXBuildFile; fileRef = 018E145225AA32E2004C5391 /* SignInModel.swift */; };
		018E145525AA32E2004C5391 /* SignInModel.swift in Sources */ = {isa = PBXBuildFile; fileRef = 018E145225AA32E2004C5391 /* SignInModel.swift */; };
		018E145A25AA32F2004C5391 /* SignInViewModel.swift in Sources */ = {isa = PBXBuildFile; fileRef = 018E145925AA32F2004C5391 /* SignInViewModel.swift */; };
		018E145B25AA32F2004C5391 /* SignInViewModel.swift in Sources */ = {isa = PBXBuildFile; fileRef = 018E145925AA32F2004C5391 /* SignInViewModel.swift */; };
		018E145C25AA32F2004C5391 /* SignInViewModel.swift in Sources */ = {isa = PBXBuildFile; fileRef = 018E145925AA32F2004C5391 /* SignInViewModel.swift */; };
		018E148B25AA3BD8004C5391 /* AES.swift in Sources */ = {isa = PBXBuildFile; fileRef = 018E148A25AA3BD8004C5391 /* AES.swift */; };
		018E148C25AA3BD8004C5391 /* AES.swift in Sources */ = {isa = PBXBuildFile; fileRef = 018E148A25AA3BD8004C5391 /* AES.swift */; };
		018E148D25AA3BD8004C5391 /* AES.swift in Sources */ = {isa = PBXBuildFile; fileRef = 018E148A25AA3BD8004C5391 /* AES.swift */; };
		01A4C8EDDDB279D48CA04AB8 /* Pods_TropogoStag.framework in Frameworks */ = {isa = PBXBuildFile; fileRef = 82F08E3CE2344F3766404966 /* Pods_TropogoStag.framework */; };
		01D3C02D25A9CAEB009684C8 /* ViewController.swift in Sources */ = {isa = PBXBuildFile; fileRef = 01232AE325A9C7D000F0BB42 /* ViewController.swift */; };
		01D3C02E25A9CAEB009684C8 /* AppDelegate.swift in Sources */ = {isa = PBXBuildFile; fileRef = 01232ADF25A9C7D000F0BB42 /* AppDelegate.swift */; };
		01D3C03125A9CAEB009684C8 /* LaunchScreen.storyboard in Resources */ = {isa = PBXBuildFile; fileRef = 01232AEA25A9C7D300F0BB42 /* LaunchScreen.storyboard */; };
		01D3C03225A9CAEB009684C8 /* Assets.xcassets in Resources */ = {isa = PBXBuildFile; fileRef = 01232AE825A9C7D300F0BB42 /* Assets.xcassets */; };
		01D3C03325A9CAEB009684C8 /* Main.storyboard in Resources */ = {isa = PBXBuildFile; fileRef = 01232AE525A9C7D000F0BB42 /* Main.storyboard */; };
		01D3C03F25A9CB7C009684C8 /* ViewController.swift in Sources */ = {isa = PBXBuildFile; fileRef = 01232AE325A9C7D000F0BB42 /* ViewController.swift */; };
		01D3C04025A9CB7C009684C8 /* AppDelegate.swift in Sources */ = {isa = PBXBuildFile; fileRef = 01232ADF25A9C7D000F0BB42 /* AppDelegate.swift */; };
		01D3C04325A9CB7C009684C8 /* LaunchScreen.storyboard in Resources */ = {isa = PBXBuildFile; fileRef = 01232AEA25A9C7D300F0BB42 /* LaunchScreen.storyboard */; };
		01D3C04425A9CB7C009684C8 /* Assets.xcassets in Resources */ = {isa = PBXBuildFile; fileRef = 01232AE825A9C7D300F0BB42 /* Assets.xcassets */; };
		01D3C04525A9CB7C009684C8 /* Main.storyboard in Resources */ = {isa = PBXBuildFile; fileRef = 01232AE525A9C7D000F0BB42 /* Main.storyboard */; };
		01D3C06125AA20B2009684C8 /* TropogoStaging-Info.plist in Resources */ = {isa = PBXBuildFile; fileRef = 01D3C05F25AA20B2009684C8 /* TropogoStaging-Info.plist */; };
		01D3C06225AA20B2009684C8 /* TropogoStaging-Info.plist in Resources */ = {isa = PBXBuildFile; fileRef = 01D3C05F25AA20B2009684C8 /* TropogoStaging-Info.plist */; };
		01D3C06325AA20B2009684C8 /* TropogoStaging-Info.plist in Resources */ = {isa = PBXBuildFile; fileRef = 01D3C05F25AA20B2009684C8 /* TropogoStaging-Info.plist */; };
		01D3C06425AA20B2009684C8 /* TropogoDev-Info.plist in Resources */ = {isa = PBXBuildFile; fileRef = 01D3C06025AA20B2009684C8 /* TropogoDev-Info.plist */; };
		01D3C06525AA20B2009684C8 /* TropogoDev-Info.plist in Resources */ = {isa = PBXBuildFile; fileRef = 01D3C06025AA20B2009684C8 /* TropogoDev-Info.plist */; };
		01D3C06625AA20B2009684C8 /* TropogoDev-Info.plist in Resources */ = {isa = PBXBuildFile; fileRef = 01D3C06025AA20B2009684C8 /* TropogoDev-Info.plist */; };
		01D3C07725AA2224009684C8 /* Reachability.swift in Sources */ = {isa = PBXBuildFile; fileRef = 01D3C07425AA2224009684C8 /* Reachability.swift */; };
		01D3C07825AA2224009684C8 /* Reachability.swift in Sources */ = {isa = PBXBuildFile; fileRef = 01D3C07425AA2224009684C8 /* Reachability.swift */; };
		01D3C07925AA2224009684C8 /* Reachability.swift in Sources */ = {isa = PBXBuildFile; fileRef = 01D3C07425AA2224009684C8 /* Reachability.swift */; };
		01D3C07A25AA2224009684C8 /* UtilityClass.swift in Sources */ = {isa = PBXBuildFile; fileRef = 01D3C07525AA2224009684C8 /* UtilityClass.swift */; };
		01D3C07B25AA2224009684C8 /* UtilityClass.swift in Sources */ = {isa = PBXBuildFile; fileRef = 01D3C07525AA2224009684C8 /* UtilityClass.swift */; };
		01D3C07C25AA2224009684C8 /* UtilityClass.swift in Sources */ = {isa = PBXBuildFile; fileRef = 01D3C07525AA2224009684C8 /* UtilityClass.swift */; };
		01D3C07D25AA2224009684C8 /* NetworkClient.swift in Sources */ = {isa = PBXBuildFile; fileRef = 01D3C07625AA2224009684C8 /* NetworkClient.swift */; };
		01D3C07E25AA2224009684C8 /* NetworkClient.swift in Sources */ = {isa = PBXBuildFile; fileRef = 01D3C07625AA2224009684C8 /* NetworkClient.swift */; };
		01D3C07F25AA2224009684C8 /* NetworkClient.swift in Sources */ = {isa = PBXBuildFile; fileRef = 01D3C07625AA2224009684C8 /* NetworkClient.swift */; };
		01EC1D0C25B334B800881159 /* HomeViewController.swift in Sources */ = {isa = PBXBuildFile; fileRef = 01EC1D0B25B334B800881159 /* HomeViewController.swift */; };
		01EC1D0D25B334B800881159 /* HomeViewController.swift in Sources */ = {isa = PBXBuildFile; fileRef = 01EC1D0B25B334B800881159 /* HomeViewController.swift */; };
		01EC1D0E25B334B800881159 /* HomeViewController.swift in Sources */ = {isa = PBXBuildFile; fileRef = 01EC1D0B25B334B800881159 /* HomeViewController.swift */; };
		01EC1D1325B334F000881159 /* HomePageVieModel.swift in Sources */ = {isa = PBXBuildFile; fileRef = 01EC1D1225B334F000881159 /* HomePageVieModel.swift */; };
		01EC1D1425B334F000881159 /* HomePageVieModel.swift in Sources */ = {isa = PBXBuildFile; fileRef = 01EC1D1225B334F000881159 /* HomePageVieModel.swift */; };
		01EC1D1525B334F000881159 /* HomePageVieModel.swift in Sources */ = {isa = PBXBuildFile; fileRef = 01EC1D1225B334F000881159 /* HomePageVieModel.swift */; };
		01EC1D1A25B3350200881159 /* HomePageModel.swift in Sources */ = {isa = PBXBuildFile; fileRef = 01EC1D1925B3350200881159 /* HomePageModel.swift */; };
		01EC1D1B25B3350200881159 /* HomePageModel.swift in Sources */ = {isa = PBXBuildFile; fileRef = 01EC1D1925B3350200881159 /* HomePageModel.swift */; };
		01EC1D1C25B3350200881159 /* HomePageModel.swift in Sources */ = {isa = PBXBuildFile; fileRef = 01EC1D1925B3350200881159 /* HomePageModel.swift */; };
		01EC1D2525B4ACB500881159 /* WeatherConditionViewController.swift in Sources */ = {isa = PBXBuildFile; fileRef = 01EC1D2425B4ACB500881159 /* WeatherConditionViewController.swift */; };
		01EC1D2625B4ACB500881159 /* WeatherConditionViewController.swift in Sources */ = {isa = PBXBuildFile; fileRef = 01EC1D2425B4ACB500881159 /* WeatherConditionViewController.swift */; };
		01EC1D2725B4ACB500881159 /* WeatherConditionViewController.swift in Sources */ = {isa = PBXBuildFile; fileRef = 01EC1D2425B4ACB500881159 /* WeatherConditionViewController.swift */; };
		01EC1D2C25B4AD4200881159 /* ForecastDailyModel.swift in Sources */ = {isa = PBXBuildFile; fileRef = 01EC1D2B25B4AD4200881159 /* ForecastDailyModel.swift */; };
		01EC1D2D25B4AD4200881159 /* ForecastDailyModel.swift in Sources */ = {isa = PBXBuildFile; fileRef = 01EC1D2B25B4AD4200881159 /* ForecastDailyModel.swift */; };
		01EC1D2E25B4AD4200881159 /* ForecastDailyModel.swift in Sources */ = {isa = PBXBuildFile; fileRef = 01EC1D2B25B4AD4200881159 /* ForecastDailyModel.swift */; };
		01EC1D3625B4B07900881159 /* ForecastDailyViewModel.swift in Sources */ = {isa = PBXBuildFile; fileRef = 01EC1D3525B4B07900881159 /* ForecastDailyViewModel.swift */; };
		01EC1D3725B4B07900881159 /* ForecastDailyViewModel.swift in Sources */ = {isa = PBXBuildFile; fileRef = 01EC1D3525B4B07900881159 /* ForecastDailyViewModel.swift */; };
		01EC1D3825B4B07900881159 /* ForecastDailyViewModel.swift in Sources */ = {isa = PBXBuildFile; fileRef = 01EC1D3525B4B07900881159 /* ForecastDailyViewModel.swift */; };
		21260C14D579D6786FD56C9C /* Pods_Tropogo.framework in Frameworks */ = {isa = PBXBuildFile; fileRef = 9CEB401F8CCB1B20AB633AEA /* Pods_Tropogo.framework */; };
		6B36000025D032A800625083 /* UserCategoryViewController.swift in Sources */ = {isa = PBXBuildFile; fileRef = 6B36FFFE25D032A800625083 /* UserCategoryViewController.swift */; };
		6B36000125D032A800625083 /* UserCategoryViewController.swift in Sources */ = {isa = PBXBuildFile; fileRef = 6B36FFFE25D032A800625083 /* UserCategoryViewController.swift */; };
		6B36FFFF25D032A800625083 /* UserCategoryViewController.swift in Sources */ = {isa = PBXBuildFile; fileRef = 6B36FFFE25D032A800625083 /* UserCategoryViewController.swift */; };
		6BA6893925CFB9B300F935A7 /* SF-Pro-Display-Light.otf in Resources */ = {isa = PBXBuildFile; fileRef = 6BA6893025CFB9B200F935A7 /* SF-Pro-Display-Light.otf */; };
		6BA6893A25CFB9B300F935A7 /* SF-Pro-Display-Light.otf in Resources */ = {isa = PBXBuildFile; fileRef = 6BA6893025CFB9B200F935A7 /* SF-Pro-Display-Light.otf */; };
		6BA6893B25CFB9B300F935A7 /* SF-Pro-Display-Light.otf in Resources */ = {isa = PBXBuildFile; fileRef = 6BA6893025CFB9B200F935A7 /* SF-Pro-Display-Light.otf */; };
		6BA6893C25CFB9B300F935A7 /* SF-Pro-Display-Bold.otf in Resources */ = {isa = PBXBuildFile; fileRef = 6BA6893125CFB9B200F935A7 /* SF-Pro-Display-Bold.otf */; };
		6BA6893D25CFB9B300F935A7 /* SF-Pro-Display-Bold.otf in Resources */ = {isa = PBXBuildFile; fileRef = 6BA6893125CFB9B200F935A7 /* SF-Pro-Display-Bold.otf */; };
		6BA6893E25CFB9B300F935A7 /* SF-Pro-Display-Bold.otf in Resources */ = {isa = PBXBuildFile; fileRef = 6BA6893125CFB9B200F935A7 /* SF-Pro-Display-Bold.otf */; };
		6BA6893F25CFB9B300F935A7 /* SF-Pro-Display-Heavy.otf in Resources */ = {isa = PBXBuildFile; fileRef = 6BA6893225CFB9B200F935A7 /* SF-Pro-Display-Heavy.otf */; };
		6BA6894025CFB9B300F935A7 /* SF-Pro-Display-Heavy.otf in Resources */ = {isa = PBXBuildFile; fileRef = 6BA6893225CFB9B200F935A7 /* SF-Pro-Display-Heavy.otf */; };
		6BA6894125CFB9B300F935A7 /* SF-Pro-Display-Heavy.otf in Resources */ = {isa = PBXBuildFile; fileRef = 6BA6893225CFB9B200F935A7 /* SF-Pro-Display-Heavy.otf */; };
		6BA6894225CFB9B300F935A7 /* SF-Pro-Display-Semibold.otf in Resources */ = {isa = PBXBuildFile; fileRef = 6BA6893325CFB9B200F935A7 /* SF-Pro-Display-Semibold.otf */; };
		6BA6894325CFB9B300F935A7 /* SF-Pro-Display-Semibold.otf in Resources */ = {isa = PBXBuildFile; fileRef = 6BA6893325CFB9B200F935A7 /* SF-Pro-Display-Semibold.otf */; };
		6BA6894425CFB9B300F935A7 /* SF-Pro-Display-Semibold.otf in Resources */ = {isa = PBXBuildFile; fileRef = 6BA6893325CFB9B200F935A7 /* SF-Pro-Display-Semibold.otf */; };
		6BA6894525CFB9B300F935A7 /* SF-Pro-Display-Black.otf in Resources */ = {isa = PBXBuildFile; fileRef = 6BA6893425CFB9B200F935A7 /* SF-Pro-Display-Black.otf */; };
		6BA6894625CFB9B300F935A7 /* SF-Pro-Display-Black.otf in Resources */ = {isa = PBXBuildFile; fileRef = 6BA6893425CFB9B200F935A7 /* SF-Pro-Display-Black.otf */; };
		6BA6894725CFB9B300F935A7 /* SF-Pro-Display-Black.otf in Resources */ = {isa = PBXBuildFile; fileRef = 6BA6893425CFB9B200F935A7 /* SF-Pro-Display-Black.otf */; };
		6BA6894825CFB9B300F935A7 /* SF-Pro-Display-Regular.otf in Resources */ = {isa = PBXBuildFile; fileRef = 6BA6893525CFB9B200F935A7 /* SF-Pro-Display-Regular.otf */; };
		6BA6894925CFB9B300F935A7 /* SF-Pro-Display-Regular.otf in Resources */ = {isa = PBXBuildFile; fileRef = 6BA6893525CFB9B200F935A7 /* SF-Pro-Display-Regular.otf */; };
		6BA6894A25CFB9B300F935A7 /* SF-Pro-Display-Regular.otf in Resources */ = {isa = PBXBuildFile; fileRef = 6BA6893525CFB9B200F935A7 /* SF-Pro-Display-Regular.otf */; };
		6BA6894B25CFB9B300F935A7 /* SF-Pro-Display-Thin.otf in Resources */ = {isa = PBXBuildFile; fileRef = 6BA6893625CFB9B200F935A7 /* SF-Pro-Display-Thin.otf */; };
		6BA6894C25CFB9B300F935A7 /* SF-Pro-Display-Thin.otf in Resources */ = {isa = PBXBuildFile; fileRef = 6BA6893625CFB9B200F935A7 /* SF-Pro-Display-Thin.otf */; };
		6BA6894D25CFB9B300F935A7 /* SF-Pro-Display-Thin.otf in Resources */ = {isa = PBXBuildFile; fileRef = 6BA6893625CFB9B200F935A7 /* SF-Pro-Display-Thin.otf */; };
		6BA6894E25CFB9B300F935A7 /* SF-Pro-Display-Ultralight.otf in Resources */ = {isa = PBXBuildFile; fileRef = 6BA6893725CFB9B300F935A7 /* SF-Pro-Display-Ultralight.otf */; };
		6BA6894F25CFB9B300F935A7 /* SF-Pro-Display-Ultralight.otf in Resources */ = {isa = PBXBuildFile; fileRef = 6BA6893725CFB9B300F935A7 /* SF-Pro-Display-Ultralight.otf */; };
		6BA6895025CFB9B300F935A7 /* SF-Pro-Display-Ultralight.otf in Resources */ = {isa = PBXBuildFile; fileRef = 6BA6893725CFB9B300F935A7 /* SF-Pro-Display-Ultralight.otf */; };
		6BA6895125CFB9B300F935A7 /* SF-Pro-Display-Medium.otf in Resources */ = {isa = PBXBuildFile; fileRef = 6BA6893825CFB9B300F935A7 /* SF-Pro-Display-Medium.otf */; };
		6BA6895225CFB9B300F935A7 /* SF-Pro-Display-Medium.otf in Resources */ = {isa = PBXBuildFile; fileRef = 6BA6893825CFB9B300F935A7 /* SF-Pro-Display-Medium.otf */; };
		6BA6895325CFB9B300F935A7 /* SF-Pro-Display-Medium.otf in Resources */ = {isa = PBXBuildFile; fileRef = 6BA6893825CFB9B300F935A7 /* SF-Pro-Display-Medium.otf */; };
		DFE81C2B8CAC2F722D4DDE32 /* Pods_TropogoDev.framework in Frameworks */ = {isa = PBXBuildFile; fileRef = 7100FD13AD24A4CB2EAA39C2 /* Pods_TropogoDev.framework */; };
/* End PBXBuildFile section */

/* Begin PBXFileReference section */
		01232ADC25A9C7D000F0BB42 /* Tropogo.app */ = {isa = PBXFileReference; explicitFileType = wrapper.application; includeInIndex = 0; path = Tropogo.app; sourceTree = BUILT_PRODUCTS_DIR; };
		01232ADF25A9C7D000F0BB42 /* AppDelegate.swift */ = {isa = PBXFileReference; lastKnownFileType = sourcecode.swift; path = AppDelegate.swift; sourceTree = "<group>"; };
		01232AE325A9C7D000F0BB42 /* ViewController.swift */ = {isa = PBXFileReference; lastKnownFileType = sourcecode.swift; path = ViewController.swift; sourceTree = "<group>"; };
		01232AE625A9C7D000F0BB42 /* Base */ = {isa = PBXFileReference; lastKnownFileType = file.storyboard; name = Base; path = Base.lproj/Main.storyboard; sourceTree = "<group>"; };
		01232AE825A9C7D300F0BB42 /* Assets.xcassets */ = {isa = PBXFileReference; lastKnownFileType = folder.assetcatalog; path = Assets.xcassets; sourceTree = "<group>"; };
		01232AEB25A9C7D300F0BB42 /* Base */ = {isa = PBXFileReference; lastKnownFileType = file.storyboard; name = Base; path = Base.lproj/LaunchScreen.storyboard; sourceTree = "<group>"; };
		01232AED25A9C7D300F0BB42 /* Info.plist */ = {isa = PBXFileReference; lastKnownFileType = text.plist.xml; path = Info.plist; sourceTree = "<group>"; };
		0161B6EB25B2AFD30087882B /* BaseUrlConfig.swift */ = {isa = PBXFileReference; lastKnownFileType = sourcecode.swift; path = BaseUrlConfig.swift; sourceTree = "<group>"; };
		0161B6FE25B2D14A0087882B /* OtpViewController.swift */ = {isa = PBXFileReference; lastKnownFileType = sourcecode.swift; path = OtpViewController.swift; sourceTree = "<group>"; };
		018E144B25AA32D0004C5391 /* SignInViewController.swift */ = {isa = PBXFileReference; lastKnownFileType = sourcecode.swift; path = SignInViewController.swift; sourceTree = "<group>"; };
		018E145225AA32E2004C5391 /* SignInModel.swift */ = {isa = PBXFileReference; lastKnownFileType = sourcecode.swift; path = SignInModel.swift; sourceTree = "<group>"; };
		018E145925AA32F2004C5391 /* SignInViewModel.swift */ = {isa = PBXFileReference; lastKnownFileType = sourcecode.swift; path = SignInViewModel.swift; sourceTree = "<group>"; };
		018E148A25AA3BD8004C5391 /* AES.swift */ = {isa = PBXFileReference; lastKnownFileType = sourcecode.swift; path = AES.swift; sourceTree = "<group>"; };
		01D3C03725A9CAEB009684C8 /* TropogoDev.app */ = {isa = PBXFileReference; explicitFileType = wrapper.application; includeInIndex = 0; path = TropogoDev.app; sourceTree = BUILT_PRODUCTS_DIR; };
		01D3C04925A9CB7C009684C8 /* TropogoStag.app */ = {isa = PBXFileReference; explicitFileType = wrapper.application; includeInIndex = 0; path = TropogoStag.app; sourceTree = BUILT_PRODUCTS_DIR; };
		01D3C05F25AA20B2009684C8 /* TropogoStaging-Info.plist */ = {isa = PBXFileReference; fileEncoding = 4; lastKnownFileType = text.plist.xml; path = "TropogoStaging-Info.plist"; sourceTree = "<group>"; };
		01D3C06025AA20B2009684C8 /* TropogoDev-Info.plist */ = {isa = PBXFileReference; fileEncoding = 4; lastKnownFileType = text.plist.xml; path = "TropogoDev-Info.plist"; sourceTree = "<group>"; };
		01D3C07425AA2224009684C8 /* Reachability.swift */ = {isa = PBXFileReference; fileEncoding = 4; lastKnownFileType = sourcecode.swift; path = Reachability.swift; sourceTree = "<group>"; };
		01D3C07525AA2224009684C8 /* UtilityClass.swift */ = {isa = PBXFileReference; fileEncoding = 4; lastKnownFileType = sourcecode.swift; path = UtilityClass.swift; sourceTree = "<group>"; };
		01D3C07625AA2224009684C8 /* NetworkClient.swift */ = {isa = PBXFileReference; fileEncoding = 4; lastKnownFileType = sourcecode.swift; path = NetworkClient.swift; sourceTree = "<group>"; };
		01EC1D0B25B334B800881159 /* HomeViewController.swift */ = {isa = PBXFileReference; lastKnownFileType = sourcecode.swift; path = HomeViewController.swift; sourceTree = "<group>"; };
		01EC1D1225B334F000881159 /* HomePageVieModel.swift */ = {isa = PBXFileReference; lastKnownFileType = sourcecode.swift; path = HomePageVieModel.swift; sourceTree = "<group>"; };
		01EC1D1925B3350200881159 /* HomePageModel.swift */ = {isa = PBXFileReference; lastKnownFileType = sourcecode.swift; path = HomePageModel.swift; sourceTree = "<group>"; };
		01EC1D2425B4ACB500881159 /* WeatherConditionViewController.swift */ = {isa = PBXFileReference; lastKnownFileType = sourcecode.swift; path = WeatherConditionViewController.swift; sourceTree = "<group>"; };
		01EC1D2B25B4AD4200881159 /* ForecastDailyModel.swift */ = {isa = PBXFileReference; lastKnownFileType = sourcecode.swift; path = ForecastDailyModel.swift; sourceTree = "<group>"; };
		01EC1D3525B4B07900881159 /* ForecastDailyViewModel.swift */ = {isa = PBXFileReference; lastKnownFileType = sourcecode.swift; path = ForecastDailyViewModel.swift; sourceTree = "<group>"; };
		09E221BF6B74908DB59A3406 /* Pods-Tropogo.debug.xcconfig */ = {isa = PBXFileReference; includeInIndex = 1; lastKnownFileType = text.xcconfig; name = "Pods-Tropogo.debug.xcconfig"; path = "Target Support Files/Pods-Tropogo/Pods-Tropogo.debug.xcconfig"; sourceTree = "<group>"; };
		6B36FFFE25D032A800625083 /* UserCategoryViewController.swift */ = {isa = PBXFileReference; lastKnownFileType = sourcecode.swift; path = UserCategoryViewController.swift; sourceTree = "<group>"; };
		6BA343D7CA5A4ACC1E443998 /* Pods-TropogoStag.release.xcconfig */ = {isa = PBXFileReference; includeInIndex = 1; lastKnownFileType = text.xcconfig; name = "Pods-TropogoStag.release.xcconfig"; path = "Target Support Files/Pods-TropogoStag/Pods-TropogoStag.release.xcconfig"; sourceTree = "<group>"; };
		6BA6893025CFB9B200F935A7 /* SF-Pro-Display-Light.otf */ = {isa = PBXFileReference; lastKnownFileType = file; path = "SF-Pro-Display-Light.otf"; sourceTree = "<group>"; };
		6BA6893125CFB9B200F935A7 /* SF-Pro-Display-Bold.otf */ = {isa = PBXFileReference; lastKnownFileType = file; path = "SF-Pro-Display-Bold.otf"; sourceTree = "<group>"; };
		6BA6893225CFB9B200F935A7 /* SF-Pro-Display-Heavy.otf */ = {isa = PBXFileReference; lastKnownFileType = file; path = "SF-Pro-Display-Heavy.otf"; sourceTree = "<group>"; };
		6BA6893325CFB9B200F935A7 /* SF-Pro-Display-Semibold.otf */ = {isa = PBXFileReference; lastKnownFileType = file; path = "SF-Pro-Display-Semibold.otf"; sourceTree = "<group>"; };
		6BA6893425CFB9B200F935A7 /* SF-Pro-Display-Black.otf */ = {isa = PBXFileReference; lastKnownFileType = file; path = "SF-Pro-Display-Black.otf"; sourceTree = "<group>"; };
		6BA6893525CFB9B200F935A7 /* SF-Pro-Display-Regular.otf */ = {isa = PBXFileReference; lastKnownFileType = file; path = "SF-Pro-Display-Regular.otf"; sourceTree = "<group>"; };
		6BA6893625CFB9B200F935A7 /* SF-Pro-Display-Thin.otf */ = {isa = PBXFileReference; lastKnownFileType = file; path = "SF-Pro-Display-Thin.otf"; sourceTree = "<group>"; };
		6BA6893725CFB9B300F935A7 /* SF-Pro-Display-Ultralight.otf */ = {isa = PBXFileReference; lastKnownFileType = file; path = "SF-Pro-Display-Ultralight.otf"; sourceTree = "<group>"; };
		6BA6893825CFB9B300F935A7 /* SF-Pro-Display-Medium.otf */ = {isa = PBXFileReference; lastKnownFileType = file; path = "SF-Pro-Display-Medium.otf"; sourceTree = "<group>"; };
		7100FD13AD24A4CB2EAA39C2 /* Pods_TropogoDev.framework */ = {isa = PBXFileReference; explicitFileType = wrapper.framework; includeInIndex = 0; path = Pods_TropogoDev.framework; sourceTree = BUILT_PRODUCTS_DIR; };
		82F08E3CE2344F3766404966 /* Pods_TropogoStag.framework */ = {isa = PBXFileReference; explicitFileType = wrapper.framework; includeInIndex = 0; path = Pods_TropogoStag.framework; sourceTree = BUILT_PRODUCTS_DIR; };
		9CEB401F8CCB1B20AB633AEA /* Pods_Tropogo.framework */ = {isa = PBXFileReference; explicitFileType = wrapper.framework; includeInIndex = 0; path = Pods_Tropogo.framework; sourceTree = BUILT_PRODUCTS_DIR; };
		ABEC6CDE6F2F177C2A4B3D92 /* Pods-Tropogo.release.xcconfig */ = {isa = PBXFileReference; includeInIndex = 1; lastKnownFileType = text.xcconfig; name = "Pods-Tropogo.release.xcconfig"; path = "Target Support Files/Pods-Tropogo/Pods-Tropogo.release.xcconfig"; sourceTree = "<group>"; };
		D5280A0409961F5D6DD0E902 /* Pods-TropogoStag.debug.xcconfig */ = {isa = PBXFileReference; includeInIndex = 1; lastKnownFileType = text.xcconfig; name = "Pods-TropogoStag.debug.xcconfig"; path = "Target Support Files/Pods-TropogoStag/Pods-TropogoStag.debug.xcconfig"; sourceTree = "<group>"; };
		E39F4F5EFA084BA5F3B538A3 /* Pods-TropogoDev.release.xcconfig */ = {isa = PBXFileReference; includeInIndex = 1; lastKnownFileType = text.xcconfig; name = "Pods-TropogoDev.release.xcconfig"; path = "Target Support Files/Pods-TropogoDev/Pods-TropogoDev.release.xcconfig"; sourceTree = "<group>"; };
		EE3765BA75B5276F98D3650C /* Pods-TropogoDev.debug.xcconfig */ = {isa = PBXFileReference; includeInIndex = 1; lastKnownFileType = text.xcconfig; name = "Pods-TropogoDev.debug.xcconfig"; path = "Target Support Files/Pods-TropogoDev/Pods-TropogoDev.debug.xcconfig"; sourceTree = "<group>"; };
/* End PBXFileReference section */

/* Begin PBXFrameworksBuildPhase section */
		01232AD925A9C7D000F0BB42 /* Frameworks */ = {
			isa = PBXFrameworksBuildPhase;
			buildActionMask = 2147483647;
			files = (
				21260C14D579D6786FD56C9C /* Pods_Tropogo.framework in Frameworks */,
			);
			runOnlyForDeploymentPostprocessing = 0;
		};
		01D3C02F25A9CAEB009684C8 /* Frameworks */ = {
			isa = PBXFrameworksBuildPhase;
			buildActionMask = 2147483647;
			files = (
				DFE81C2B8CAC2F722D4DDE32 /* Pods_TropogoDev.framework in Frameworks */,
			);
			runOnlyForDeploymentPostprocessing = 0;
		};
		01D3C04125A9CB7C009684C8 /* Frameworks */ = {
			isa = PBXFrameworksBuildPhase;
			buildActionMask = 2147483647;
			files = (
				01A4C8EDDDB279D48CA04AB8 /* Pods_TropogoStag.framework in Frameworks */,
			);
			runOnlyForDeploymentPostprocessing = 0;
		};
/* End PBXFrameworksBuildPhase section */

/* Begin PBXGroup section */
		01232AD325A9C7D000F0BB42 = {
			isa = PBXGroup;
			children = (
				01232ADE25A9C7D000F0BB42 /* Tropogo */,
				01232ADD25A9C7D000F0BB42 /* Products */,
				646452513AF0E14EE6B3DECE /* Pods */,
				C3E425701BA48E6E93A389AF /* Frameworks */,
			);
			sourceTree = "<group>";
		};
		01232ADD25A9C7D000F0BB42 /* Products */ = {
			isa = PBXGroup;
			children = (
				01232ADC25A9C7D000F0BB42 /* Tropogo.app */,
				01D3C03725A9CAEB009684C8 /* TropogoDev.app */,
				01D3C04925A9CB7C009684C8 /* TropogoStag.app */,
			);
			name = Products;
			sourceTree = "<group>";
		};
		01232ADE25A9C7D000F0BB42 /* Tropogo */ = {
			isa = PBXGroup;
			children = (
				01EC1D2325B4AC3C00881159 /* WeatherCondition */,
				01EC1D0A25B3349500881159 /* HomeModule */,
				018E144A25AA329D004C5391 /* SigningModule */,
				01D3C07325AA21EA009684C8 /* Supporting */,
				01D3C05725A9DC98009684C8 /* AppDelegateModel */,
				01232AE325A9C7D000F0BB42 /* ViewController.swift */,
				01232AE525A9C7D000F0BB42 /* Main.storyboard */,
				01232AE825A9C7D300F0BB42 /* Assets.xcassets */,
				01232AEA25A9C7D300F0BB42 /* LaunchScreen.storyboard */,
			);
			path = Tropogo;
			sourceTree = "<group>";
		};
		0161B6EA25B2AF9A0087882B /* BaseUrlConfig */ = {
			isa = PBXGroup;
			children = (
				0161B6EB25B2AFD30087882B /* BaseUrlConfig.swift */,
			);
			path = BaseUrlConfig;
			sourceTree = "<group>";
		};
		0161B6F325B2D0D80087882B /* SignInModule */ = {
			isa = PBXGroup;
			children = (
				018E144B25AA32D0004C5391 /* SignInViewController.swift */,
				018E145225AA32E2004C5391 /* SignInModel.swift */,
				018E145925AA32F2004C5391 /* SignInViewModel.swift */,
			);
			path = SignInModule;
			sourceTree = "<group>";
		};
		0161B6F725B2D1030087882B /* OtpModule */ = {
			isa = PBXGroup;
			children = (
				0161B6FE25B2D14A0087882B /* OtpViewController.swift */,
			);
			path = OtpModule;
			sourceTree = "<group>";
		};
		018E144A25AA329D004C5391 /* SigningModule */ = {
			isa = PBXGroup;
			children = (
				6B36FFFD25D0325C00625083 /* UserGroup */,
				0161B6F325B2D0D80087882B /* SignInModule */,
				0161B6F725B2D1030087882B /* OtpModule */,
			);
			path = SigningModule;
			sourceTree = "<group>";
		};
		018E148925AA3B7E004C5391 /* CryptoSwift */ = {
			isa = PBXGroup;
			children = (
				018E148A25AA3BD8004C5391 /* AES.swift */,
			);
			path = CryptoSwift;
			sourceTree = "<group>";
		};
		01D3C05725A9DC98009684C8 /* AppDelegateModel */ = {
			isa = PBXGroup;
			children = (
				01232ADF25A9C7D000F0BB42 /* AppDelegate.swift */,
				01D3C05825A9DCB5009684C8 /* infoPlist */,
			);
			path = AppDelegateModel;
			sourceTree = "<group>";
		};
		01D3C05825A9DCB5009684C8 /* infoPlist */ = {
			isa = PBXGroup;
			children = (
				01D3C06025AA20B2009684C8 /* TropogoDev-Info.plist */,
				01D3C05F25AA20B2009684C8 /* TropogoStaging-Info.plist */,
				01232AED25A9C7D300F0BB42 /* Info.plist */,
			);
			path = infoPlist;
			sourceTree = "<group>";
		};
		01D3C06D25AA219B009684C8 /* NeetworkClient */ = {
			isa = PBXGroup;
			children = (
				01D3C07625AA2224009684C8 /* NetworkClient.swift */,
				01D3C07425AA2224009684C8 /* Reachability.swift */,
				01D3C07525AA2224009684C8 /* UtilityClass.swift */,
			);
			path = NeetworkClient;
			sourceTree = "<group>";
		};
		01D3C07325AA21EA009684C8 /* Supporting */ = {
			isa = PBXGroup;
			children = (
				6BA6892F25CFB98F00F935A7 /* CustomFont */,
				0161B6EA25B2AF9A0087882B /* BaseUrlConfig */,
				018E148925AA3B7E004C5391 /* CryptoSwift */,
				01D3C06D25AA219B009684C8 /* NeetworkClient */,
			);
			path = Supporting;
			sourceTree = "<group>";
		};
		01EC1D0A25B3349500881159 /* HomeModule */ = {
			isa = PBXGroup;
			children = (
				01EC1D0B25B334B800881159 /* HomeViewController.swift */,
				01EC1D1225B334F000881159 /* HomePageVieModel.swift */,
				01EC1D1925B3350200881159 /* HomePageModel.swift */,
			);
			path = HomeModule;
			sourceTree = "<group>";
		};
		01EC1D2325B4AC3C00881159 /* WeatherCondition */ = {
			isa = PBXGroup;
			children = (
				01EC1D2425B4ACB500881159 /* WeatherConditionViewController.swift */,
				01EC1D2B25B4AD4200881159 /* ForecastDailyModel.swift */,
				01EC1D3525B4B07900881159 /* ForecastDailyViewModel.swift */,
			);
			path = WeatherCondition;
			sourceTree = "<group>";
		};
		646452513AF0E14EE6B3DECE /* Pods */ = {
			isa = PBXGroup;
			children = (
				09E221BF6B74908DB59A3406 /* Pods-Tropogo.debug.xcconfig */,
				ABEC6CDE6F2F177C2A4B3D92 /* Pods-Tropogo.release.xcconfig */,
				EE3765BA75B5276F98D3650C /* Pods-TropogoDev.debug.xcconfig */,
				E39F4F5EFA084BA5F3B538A3 /* Pods-TropogoDev.release.xcconfig */,
				D5280A0409961F5D6DD0E902 /* Pods-TropogoStag.debug.xcconfig */,
				6BA343D7CA5A4ACC1E443998 /* Pods-TropogoStag.release.xcconfig */,
			);
			path = Pods;
			sourceTree = "<group>";
		};
		6B36FFFD25D0325C00625083 /* UserGroup */ = {
			isa = PBXGroup;
			children = (
				6B36FFFE25D032A800625083 /* UserCategoryViewController.swift */,
			);
			path = UserGroup;
			sourceTree = "<group>";
		};
		6BA6892F25CFB98F00F935A7 /* CustomFont */ = {
			isa = PBXGroup;
			children = (
				6BA6893425CFB9B200F935A7 /* SF-Pro-Display-Black.otf */,
				6BA6893125CFB9B200F935A7 /* SF-Pro-Display-Bold.otf */,
				6BA6893225CFB9B200F935A7 /* SF-Pro-Display-Heavy.otf */,
				6BA6893025CFB9B200F935A7 /* SF-Pro-Display-Light.otf */,
				6BA6893825CFB9B300F935A7 /* SF-Pro-Display-Medium.otf */,
				6BA6893525CFB9B200F935A7 /* SF-Pro-Display-Regular.otf */,
				6BA6893325CFB9B200F935A7 /* SF-Pro-Display-Semibold.otf */,
				6BA6893625CFB9B200F935A7 /* SF-Pro-Display-Thin.otf */,
				6BA6893725CFB9B300F935A7 /* SF-Pro-Display-Ultralight.otf */,
			);
			path = CustomFont;
			sourceTree = "<group>";
		};
		C3E425701BA48E6E93A389AF /* Frameworks */ = {
			isa = PBXGroup;
			children = (
				9CEB401F8CCB1B20AB633AEA /* Pods_Tropogo.framework */,
				7100FD13AD24A4CB2EAA39C2 /* Pods_TropogoDev.framework */,
				82F08E3CE2344F3766404966 /* Pods_TropogoStag.framework */,
			);
			name = Frameworks;
			sourceTree = "<group>";
		};
/* End PBXGroup section */

/* Begin PBXNativeTarget section */
		01232ADB25A9C7D000F0BB42 /* Tropogo */ = {
			isa = PBXNativeTarget;
			buildConfigurationList = 01232AF025A9C7D300F0BB42 /* Build configuration list for PBXNativeTarget "Tropogo" */;
			buildPhases = (
				4701DDFBED4CF4DFBCAF6142 /* [CP] Check Pods Manifest.lock */,
				01232AD825A9C7D000F0BB42 /* Sources */,
				01232AD925A9C7D000F0BB42 /* Frameworks */,
				01232ADA25A9C7D000F0BB42 /* Resources */,
				B3D38881121471D9F9F3A7A6 /* [CP] Embed Pods Frameworks */,
			);
			buildRules = (
			);
			dependencies = (
			);
			name = Tropogo;
			productName = Tropogo;
			productReference = 01232ADC25A9C7D000F0BB42 /* Tropogo.app */;
			productType = "com.apple.product-type.application";
		};
		01D3C02B25A9CAEB009684C8 /* TropogoDev */ = {
			isa = PBXNativeTarget;
			buildConfigurationList = 01D3C03425A9CAEB009684C8 /* Build configuration list for PBXNativeTarget "TropogoDev" */;
			buildPhases = (
				2B17F3FB5D79803B85401EC2 /* [CP] Check Pods Manifest.lock */,
				01D3C02C25A9CAEB009684C8 /* Sources */,
				01D3C02F25A9CAEB009684C8 /* Frameworks */,
				01D3C03025A9CAEB009684C8 /* Resources */,
				7F7E8726CB562AB59E39C3AE /* [CP] Embed Pods Frameworks */,
			);
			buildRules = (
			);
			dependencies = (
			);
			name = TropogoDev;
			productName = Tropogo;
			productReference = 01D3C03725A9CAEB009684C8 /* TropogoDev.app */;
			productType = "com.apple.product-type.application";
		};
		01D3C03D25A9CB7C009684C8 /* TropogoStag */ = {
			isa = PBXNativeTarget;
			buildConfigurationList = 01D3C04625A9CB7C009684C8 /* Build configuration list for PBXNativeTarget "TropogoStag" */;
			buildPhases = (
				F0ED10FBB248118BE00EE172 /* [CP] Check Pods Manifest.lock */,
				01D3C03E25A9CB7C009684C8 /* Sources */,
				01D3C04125A9CB7C009684C8 /* Frameworks */,
				01D3C04225A9CB7C009684C8 /* Resources */,
				D242D3109317CF1540B1633B /* [CP] Embed Pods Frameworks */,
			);
			buildRules = (
			);
			dependencies = (
			);
			name = TropogoStag;
			productName = Tropogo;
			productReference = 01D3C04925A9CB7C009684C8 /* TropogoStag.app */;
			productType = "com.apple.product-type.application";
		};
/* End PBXNativeTarget section */

/* Begin PBXProject section */
		01232AD425A9C7D000F0BB42 /* Project object */ = {
			isa = PBXProject;
			attributes = {
				LastSwiftUpdateCheck = 1220;
				LastUpgradeCheck = 1220;
				TargetAttributes = {
					01232ADB25A9C7D000F0BB42 = {
						CreatedOnToolsVersion = 12.2;
					};
				};
			};
			buildConfigurationList = 01232AD725A9C7D000F0BB42 /* Build configuration list for PBXProject "Tropogo" */;
			compatibilityVersion = "Xcode 9.3";
			developmentRegion = en;
			hasScannedForEncodings = 0;
			knownRegions = (
				en,
				Base,
			);
			mainGroup = 01232AD325A9C7D000F0BB42;
			productRefGroup = 01232ADD25A9C7D000F0BB42 /* Products */;
			projectDirPath = "";
			projectRoot = "";
			targets = (
				01232ADB25A9C7D000F0BB42 /* Tropogo */,
				01D3C02B25A9CAEB009684C8 /* TropogoDev */,
				01D3C03D25A9CB7C009684C8 /* TropogoStag */,
			);
		};
/* End PBXProject section */

/* Begin PBXResourcesBuildPhase section */
		01232ADA25A9C7D000F0BB42 /* Resources */ = {
			isa = PBXResourcesBuildPhase;
			buildActionMask = 2147483647;
			files = (
				01232AEC25A9C7D300F0BB42 /* LaunchScreen.storyboard in Resources */,
				6BA6894825CFB9B300F935A7 /* SF-Pro-Display-Regular.otf in Resources */,
				01232AE925A9C7D300F0BB42 /* Assets.xcassets in Resources */,
				01D3C06425AA20B2009684C8 /* TropogoDev-Info.plist in Resources */,
				6BA6893F25CFB9B300F935A7 /* SF-Pro-Display-Heavy.otf in Resources */,
				01232AE725A9C7D000F0BB42 /* Main.storyboard in Resources */,
				6BA6895125CFB9B300F935A7 /* SF-Pro-Display-Medium.otf in Resources */,
				6BA6893C25CFB9B300F935A7 /* SF-Pro-Display-Bold.otf in Resources */,
				6BA6894225CFB9B300F935A7 /* SF-Pro-Display-Semibold.otf in Resources */,
				6BA6894B25CFB9B300F935A7 /* SF-Pro-Display-Thin.otf in Resources */,
				6BA6894525CFB9B300F935A7 /* SF-Pro-Display-Black.otf in Resources */,
				6BA6893925CFB9B300F935A7 /* SF-Pro-Display-Light.otf in Resources */,
				01D3C06125AA20B2009684C8 /* TropogoStaging-Info.plist in Resources */,
				6BA6894E25CFB9B300F935A7 /* SF-Pro-Display-Ultralight.otf in Resources */,
			);
			runOnlyForDeploymentPostprocessing = 0;
		};
		01D3C03025A9CAEB009684C8 /* Resources */ = {
			isa = PBXResourcesBuildPhase;
			buildActionMask = 2147483647;
			files = (
				01D3C03125A9CAEB009684C8 /* LaunchScreen.storyboard in Resources */,
				6BA6894925CFB9B300F935A7 /* SF-Pro-Display-Regular.otf in Resources */,
				01D3C03225A9CAEB009684C8 /* Assets.xcassets in Resources */,
				01D3C06525AA20B2009684C8 /* TropogoDev-Info.plist in Resources */,
				6BA6894025CFB9B300F935A7 /* SF-Pro-Display-Heavy.otf in Resources */,
				01D3C03325A9CAEB009684C8 /* Main.storyboard in Resources */,
				6BA6895225CFB9B300F935A7 /* SF-Pro-Display-Medium.otf in Resources */,
				6BA6893D25CFB9B300F935A7 /* SF-Pro-Display-Bold.otf in Resources */,
				6BA6894325CFB9B300F935A7 /* SF-Pro-Display-Semibold.otf in Resources */,
				6BA6894C25CFB9B300F935A7 /* SF-Pro-Display-Thin.otf in Resources */,
				6BA6894625CFB9B300F935A7 /* SF-Pro-Display-Black.otf in Resources */,
				6BA6893A25CFB9B300F935A7 /* SF-Pro-Display-Light.otf in Resources */,
				01D3C06225AA20B2009684C8 /* TropogoStaging-Info.plist in Resources */,
				6BA6894F25CFB9B300F935A7 /* SF-Pro-Display-Ultralight.otf in Resources */,
			);
			runOnlyForDeploymentPostprocessing = 0;
		};
		01D3C04225A9CB7C009684C8 /* Resources */ = {
			isa = PBXResourcesBuildPhase;
			buildActionMask = 2147483647;
			files = (
				01D3C04325A9CB7C009684C8 /* LaunchScreen.storyboard in Resources */,
				6BA6894A25CFB9B300F935A7 /* SF-Pro-Display-Regular.otf in Resources */,
				01D3C04425A9CB7C009684C8 /* Assets.xcassets in Resources */,
				01D3C06625AA20B2009684C8 /* TropogoDev-Info.plist in Resources */,
				6BA6894125CFB9B300F935A7 /* SF-Pro-Display-Heavy.otf in Resources */,
				01D3C04525A9CB7C009684C8 /* Main.storyboard in Resources */,
				6BA6895325CFB9B300F935A7 /* SF-Pro-Display-Medium.otf in Resources */,
				6BA6893E25CFB9B300F935A7 /* SF-Pro-Display-Bold.otf in Resources */,
				6BA6894425CFB9B300F935A7 /* SF-Pro-Display-Semibold.otf in Resources */,
				6BA6894D25CFB9B300F935A7 /* SF-Pro-Display-Thin.otf in Resources */,
				6BA6894725CFB9B300F935A7 /* SF-Pro-Display-Black.otf in Resources */,
				6BA6893B25CFB9B300F935A7 /* SF-Pro-Display-Light.otf in Resources */,
				01D3C06325AA20B2009684C8 /* TropogoStaging-Info.plist in Resources */,
				6BA6895025CFB9B300F935A7 /* SF-Pro-Display-Ultralight.otf in Resources */,
			);
			runOnlyForDeploymentPostprocessing = 0;
		};
/* End PBXResourcesBuildPhase section */

/* Begin PBXShellScriptBuildPhase section */
		2B17F3FB5D79803B85401EC2 /* [CP] Check Pods Manifest.lock */ = {
			isa = PBXShellScriptBuildPhase;
			buildActionMask = 2147483647;
			files = (
			);
			inputFileListPaths = (
			);
			inputPaths = (
				"${PODS_PODFILE_DIR_PATH}/Podfile.lock",
				"${PODS_ROOT}/Manifest.lock",
			);
			name = "[CP] Check Pods Manifest.lock";
			outputFileListPaths = (
			);
			outputPaths = (
				"$(DERIVED_FILE_DIR)/Pods-TropogoDev-checkManifestLockResult.txt",
			);
			runOnlyForDeploymentPostprocessing = 0;
			shellPath = /bin/sh;
			shellScript = "diff \"${PODS_PODFILE_DIR_PATH}/Podfile.lock\" \"${PODS_ROOT}/Manifest.lock\" > /dev/null\nif [ $? != 0 ] ; then\n    # print error to STDERR\n    echo \"error: The sandbox is not in sync with the Podfile.lock. Run 'pod install' or update your CocoaPods installation.\" >&2\n    exit 1\nfi\n# This output is used by Xcode 'outputs' to avoid re-running this script phase.\necho \"SUCCESS\" > \"${SCRIPT_OUTPUT_FILE_0}\"\n";
			showEnvVarsInLog = 0;
		};
		4701DDFBED4CF4DFBCAF6142 /* [CP] Check Pods Manifest.lock */ = {
			isa = PBXShellScriptBuildPhase;
			buildActionMask = 2147483647;
			files = (
			);
			inputFileListPaths = (
			);
			inputPaths = (
				"${PODS_PODFILE_DIR_PATH}/Podfile.lock",
				"${PODS_ROOT}/Manifest.lock",
			);
			name = "[CP] Check Pods Manifest.lock";
			outputFileListPaths = (
			);
			outputPaths = (
				"$(DERIVED_FILE_DIR)/Pods-Tropogo-checkManifestLockResult.txt",
			);
			runOnlyForDeploymentPostprocessing = 0;
			shellPath = /bin/sh;
			shellScript = "diff \"${PODS_PODFILE_DIR_PATH}/Podfile.lock\" \"${PODS_ROOT}/Manifest.lock\" > /dev/null\nif [ $? != 0 ] ; then\n    # print error to STDERR\n    echo \"error: The sandbox is not in sync with the Podfile.lock. Run 'pod install' or update your CocoaPods installation.\" >&2\n    exit 1\nfi\n# This output is used by Xcode 'outputs' to avoid re-running this script phase.\necho \"SUCCESS\" > \"${SCRIPT_OUTPUT_FILE_0}\"\n";
			showEnvVarsInLog = 0;
		};
		7F7E8726CB562AB59E39C3AE /* [CP] Embed Pods Frameworks */ = {
			isa = PBXShellScriptBuildPhase;
			buildActionMask = 2147483647;
			files = (
			);
			inputFileListPaths = (
				"${PODS_ROOT}/Target Support Files/Pods-TropogoDev/Pods-TropogoDev-frameworks-${CONFIGURATION}-input-files.xcfilelist",
			);
			name = "[CP] Embed Pods Frameworks";
			outputFileListPaths = (
				"${PODS_ROOT}/Target Support Files/Pods-TropogoDev/Pods-TropogoDev-frameworks-${CONFIGURATION}-output-files.xcfilelist",
			);
			runOnlyForDeploymentPostprocessing = 0;
			shellPath = /bin/sh;
			shellScript = "\"${PODS_ROOT}/Target Support Files/Pods-TropogoDev/Pods-TropogoDev-frameworks.sh\"\n";
			showEnvVarsInLog = 0;
		};
		B3D38881121471D9F9F3A7A6 /* [CP] Embed Pods Frameworks */ = {
			isa = PBXShellScriptBuildPhase;
			buildActionMask = 2147483647;
			files = (
			);
			inputFileListPaths = (
				"${PODS_ROOT}/Target Support Files/Pods-Tropogo/Pods-Tropogo-frameworks-${CONFIGURATION}-input-files.xcfilelist",
			);
			name = "[CP] Embed Pods Frameworks";
			outputFileListPaths = (
				"${PODS_ROOT}/Target Support Files/Pods-Tropogo/Pods-Tropogo-frameworks-${CONFIGURATION}-output-files.xcfilelist",
			);
			runOnlyForDeploymentPostprocessing = 0;
			shellPath = /bin/sh;
			shellScript = "\"${PODS_ROOT}/Target Support Files/Pods-Tropogo/Pods-Tropogo-frameworks.sh\"\n";
			showEnvVarsInLog = 0;
		};
		D242D3109317CF1540B1633B /* [CP] Embed Pods Frameworks */ = {
			isa = PBXShellScriptBuildPhase;
			buildActionMask = 2147483647;
			files = (
			);
			inputFileListPaths = (
				"${PODS_ROOT}/Target Support Files/Pods-TropogoStag/Pods-TropogoStag-frameworks-${CONFIGURATION}-input-files.xcfilelist",
			);
			name = "[CP] Embed Pods Frameworks";
			outputFileListPaths = (
				"${PODS_ROOT}/Target Support Files/Pods-TropogoStag/Pods-TropogoStag-frameworks-${CONFIGURATION}-output-files.xcfilelist",
			);
			runOnlyForDeploymentPostprocessing = 0;
			shellPath = /bin/sh;
			shellScript = "\"${PODS_ROOT}/Target Support Files/Pods-TropogoStag/Pods-TropogoStag-frameworks.sh\"\n";
			showEnvVarsInLog = 0;
		};
		F0ED10FBB248118BE00EE172 /* [CP] Check Pods Manifest.lock */ = {
			isa = PBXShellScriptBuildPhase;
			buildActionMask = 2147483647;
			files = (
			);
			inputFileListPaths = (
			);
			inputPaths = (
				"${PODS_PODFILE_DIR_PATH}/Podfile.lock",
				"${PODS_ROOT}/Manifest.lock",
			);
			name = "[CP] Check Pods Manifest.lock";
			outputFileListPaths = (
			);
			outputPaths = (
				"$(DERIVED_FILE_DIR)/Pods-TropogoStag-checkManifestLockResult.txt",
			);
			runOnlyForDeploymentPostprocessing = 0;
			shellPath = /bin/sh;
			shellScript = "diff \"${PODS_PODFILE_DIR_PATH}/Podfile.lock\" \"${PODS_ROOT}/Manifest.lock\" > /dev/null\nif [ $? != 0 ] ; then\n    # print error to STDERR\n    echo \"error: The sandbox is not in sync with the Podfile.lock. Run 'pod install' or update your CocoaPods installation.\" >&2\n    exit 1\nfi\n# This output is used by Xcode 'outputs' to avoid re-running this script phase.\necho \"SUCCESS\" > \"${SCRIPT_OUTPUT_FILE_0}\"\n";
			showEnvVarsInLog = 0;
		};
/* End PBXShellScriptBuildPhase section */

/* Begin PBXSourcesBuildPhase section */
		01232AD825A9C7D000F0BB42 /* Sources */ = {
			isa = PBXSourcesBuildPhase;
			buildActionMask = 2147483647;
			files = (
				01EC1D2525B4ACB500881159 /* WeatherConditionViewController.swift in Sources */,
				01232AE425A9C7D000F0BB42 /* ViewController.swift in Sources */,
				01D3C07D25AA2224009684C8 /* NetworkClient.swift in Sources */,
				018E144C25AA32D0004C5391 /* SignInViewController.swift in Sources */,
				018E145325AA32E2004C5391 /* SignInModel.swift in Sources */,
				01EC1D2C25B4AD4200881159 /* ForecastDailyModel.swift in Sources */,
				01EC1D3625B4B07900881159 /* ForecastDailyViewModel.swift in Sources */,
				0161B6FF25B2D14A0087882B /* OtpViewController.swift in Sources */,
				01EC1D1A25B3350200881159 /* HomePageModel.swift in Sources */,
				0161B6EC25B2AFD30087882B /* BaseUrlConfig.swift in Sources */,
				018E145A25AA32F2004C5391 /* SignInViewModel.swift in Sources */,
				01232AE025A9C7D000F0BB42 /* AppDelegate.swift in Sources */,
				01D3C07725AA2224009684C8 /* Reachability.swift in Sources */,
				018E148B25AA3BD8004C5391 /* AES.swift in Sources */,
				6B36FFFF25D032A800625083 /* UserCategoryViewController.swift in Sources */,
				01D3C07A25AA2224009684C8 /* UtilityClass.swift in Sources */,
				01EC1D0C25B334B800881159 /* HomeViewController.swift in Sources */,
				01EC1D1325B334F000881159 /* HomePageVieModel.swift in Sources */,
			);
			runOnlyForDeploymentPostprocessing = 0;
		};
		01D3C02C25A9CAEB009684C8 /* Sources */ = {
			isa = PBXSourcesBuildPhase;
			buildActionMask = 2147483647;
			files = (
				01EC1D2625B4ACB500881159 /* WeatherConditionViewController.swift in Sources */,
				01D3C02D25A9CAEB009684C8 /* ViewController.swift in Sources */,
				01D3C07E25AA2224009684C8 /* NetworkClient.swift in Sources */,
				018E144D25AA32D0004C5391 /* SignInViewController.swift in Sources */,
				018E145425AA32E2004C5391 /* SignInModel.swift in Sources */,
				01EC1D2D25B4AD4200881159 /* ForecastDailyModel.swift in Sources */,
				01EC1D3725B4B07900881159 /* ForecastDailyViewModel.swift in Sources */,
				0161B70025B2D14A0087882B /* OtpViewController.swift in Sources */,
				01EC1D1B25B3350200881159 /* HomePageModel.swift in Sources */,
				0161B6ED25B2AFD30087882B /* BaseUrlConfig.swift in Sources */,
				018E145B25AA32F2004C5391 /* SignInViewModel.swift in Sources */,
				01D3C02E25A9CAEB009684C8 /* AppDelegate.swift in Sources */,
				01D3C07825AA2224009684C8 /* Reachability.swift in Sources */,
				018E148C25AA3BD8004C5391 /* AES.swift in Sources */,
				6B36000025D032A800625083 /* UserCategoryViewController.swift in Sources */,
				01D3C07B25AA2224009684C8 /* UtilityClass.swift in Sources */,
				01EC1D0D25B334B800881159 /* HomeViewController.swift in Sources */,
				01EC1D1425B334F000881159 /* HomePageVieModel.swift in Sources */,
			);
			runOnlyForDeploymentPostprocessing = 0;
		};
		01D3C03E25A9CB7C009684C8 /* Sources */ = {
			isa = PBXSourcesBuildPhase;
			buildActionMask = 2147483647;
			files = (
				01EC1D2725B4ACB500881159 /* WeatherConditionViewController.swift in Sources */,
				01D3C03F25A9CB7C009684C8 /* ViewController.swift in Sources */,
				01D3C07F25AA2224009684C8 /* NetworkClient.swift in Sources */,
				018E144E25AA32D0004C5391 /* SignInViewController.swift in Sources */,
				018E145525AA32E2004C5391 /* SignInModel.swift in Sources */,
				01EC1D2E25B4AD4200881159 /* ForecastDailyModel.swift in Sources */,
				01EC1D3825B4B07900881159 /* ForecastDailyViewModel.swift in Sources */,
				0161B70125B2D14A0087882B /* OtpViewController.swift in Sources */,
				01EC1D1C25B3350200881159 /* HomePageModel.swift in Sources */,
				0161B6EE25B2AFD30087882B /* BaseUrlConfig.swift in Sources */,
				018E145C25AA32F2004C5391 /* SignInViewModel.swift in Sources */,
				01D3C04025A9CB7C009684C8 /* AppDelegate.swift in Sources */,
				01D3C07925AA2224009684C8 /* Reachability.swift in Sources */,
				018E148D25AA3BD8004C5391 /* AES.swift in Sources */,
				6B36000125D032A800625083 /* UserCategoryViewController.swift in Sources */,
				01D3C07C25AA2224009684C8 /* UtilityClass.swift in Sources */,
				01EC1D0E25B334B800881159 /* HomeViewController.swift in Sources */,
				01EC1D1525B334F000881159 /* HomePageVieModel.swift in Sources */,
			);
			runOnlyForDeploymentPostprocessing = 0;
		};
/* End PBXSourcesBuildPhase section */

/* Begin PBXVariantGroup section */
		01232AE525A9C7D000F0BB42 /* Main.storyboard */ = {
			isa = PBXVariantGroup;
			children = (
				01232AE625A9C7D000F0BB42 /* Base */,
			);
			name = Main.storyboard;
			sourceTree = "<group>";
		};
		01232AEA25A9C7D300F0BB42 /* LaunchScreen.storyboard */ = {
			isa = PBXVariantGroup;
			children = (
				01232AEB25A9C7D300F0BB42 /* Base */,
			);
			name = LaunchScreen.storyboard;
			sourceTree = "<group>";
		};
/* End PBXVariantGroup section */

/* Begin XCBuildConfiguration section */
		01232AEE25A9C7D300F0BB42 /* Debug */ = {
			isa = XCBuildConfiguration;
			buildSettings = {
				ALWAYS_SEARCH_USER_PATHS = NO;
				CLANG_ANALYZER_NONNULL = YES;
				CLANG_ANALYZER_NUMBER_OBJECT_CONVERSION = YES_AGGRESSIVE;
				CLANG_CXX_LANGUAGE_STANDARD = "gnu++14";
				CLANG_CXX_LIBRARY = "libc++";
				CLANG_ENABLE_MODULES = YES;
				CLANG_ENABLE_OBJC_ARC = YES;
				CLANG_ENABLE_OBJC_WEAK = YES;
				CLANG_WARN_BLOCK_CAPTURE_AUTORELEASING = YES;
				CLANG_WARN_BOOL_CONVERSION = YES;
				CLANG_WARN_COMMA = YES;
				CLANG_WARN_CONSTANT_CONVERSION = YES;
				CLANG_WARN_DEPRECATED_OBJC_IMPLEMENTATIONS = YES;
				CLANG_WARN_DIRECT_OBJC_ISA_USAGE = YES_ERROR;
				CLANG_WARN_DOCUMENTATION_COMMENTS = YES;
				CLANG_WARN_EMPTY_BODY = YES;
				CLANG_WARN_ENUM_CONVERSION = YES;
				CLANG_WARN_INFINITE_RECURSION = YES;
				CLANG_WARN_INT_CONVERSION = YES;
				CLANG_WARN_NON_LITERAL_NULL_CONVERSION = YES;
				CLANG_WARN_OBJC_IMPLICIT_RETAIN_SELF = YES;
				CLANG_WARN_OBJC_LITERAL_CONVERSION = YES;
				CLANG_WARN_OBJC_ROOT_CLASS = YES_ERROR;
				CLANG_WARN_QUOTED_INCLUDE_IN_FRAMEWORK_HEADER = YES;
				CLANG_WARN_RANGE_LOOP_ANALYSIS = YES;
				CLANG_WARN_STRICT_PROTOTYPES = YES;
				CLANG_WARN_SUSPICIOUS_MOVE = YES;
				CLANG_WARN_UNGUARDED_AVAILABILITY = YES_AGGRESSIVE;
				CLANG_WARN_UNREACHABLE_CODE = YES;
				CLANG_WARN__DUPLICATE_METHOD_MATCH = YES;
				COPY_PHASE_STRIP = NO;
				DEBUG_INFORMATION_FORMAT = dwarf;
				ENABLE_STRICT_OBJC_MSGSEND = YES;
				ENABLE_TESTABILITY = YES;
				GCC_C_LANGUAGE_STANDARD = gnu11;
				GCC_DYNAMIC_NO_PIC = NO;
				GCC_NO_COMMON_BLOCKS = YES;
				GCC_OPTIMIZATION_LEVEL = 0;
				GCC_PREPROCESSOR_DEFINITIONS = (
					"DEBUG=1",
					"$(inherited)",
				);
				GCC_WARN_64_TO_32_BIT_CONVERSION = YES;
				GCC_WARN_ABOUT_RETURN_TYPE = YES_ERROR;
				GCC_WARN_UNDECLARED_SELECTOR = YES;
				GCC_WARN_UNINITIALIZED_AUTOS = YES_AGGRESSIVE;
				GCC_WARN_UNUSED_FUNCTION = YES;
				GCC_WARN_UNUSED_VARIABLE = YES;
				IPHONEOS_DEPLOYMENT_TARGET = 11.2;
				MTL_ENABLE_DEBUG_INFO = INCLUDE_SOURCE;
				MTL_FAST_MATH = YES;
				ONLY_ACTIVE_ARCH = YES;
				SDKROOT = iphoneos;
				SWIFT_ACTIVE_COMPILATION_CONDITIONS = DEBUG;
				SWIFT_OPTIMIZATION_LEVEL = "-Onone";
			};
			name = Debug;
		};
		01232AEF25A9C7D300F0BB42 /* Release */ = {
			isa = XCBuildConfiguration;
			buildSettings = {
				ALWAYS_SEARCH_USER_PATHS = NO;
				CLANG_ANALYZER_NONNULL = YES;
				CLANG_ANALYZER_NUMBER_OBJECT_CONVERSION = YES_AGGRESSIVE;
				CLANG_CXX_LANGUAGE_STANDARD = "gnu++14";
				CLANG_CXX_LIBRARY = "libc++";
				CLANG_ENABLE_MODULES = YES;
				CLANG_ENABLE_OBJC_ARC = YES;
				CLANG_ENABLE_OBJC_WEAK = YES;
				CLANG_WARN_BLOCK_CAPTURE_AUTORELEASING = YES;
				CLANG_WARN_BOOL_CONVERSION = YES;
				CLANG_WARN_COMMA = YES;
				CLANG_WARN_CONSTANT_CONVERSION = YES;
				CLANG_WARN_DEPRECATED_OBJC_IMPLEMENTATIONS = YES;
				CLANG_WARN_DIRECT_OBJC_ISA_USAGE = YES_ERROR;
				CLANG_WARN_DOCUMENTATION_COMMENTS = YES;
				CLANG_WARN_EMPTY_BODY = YES;
				CLANG_WARN_ENUM_CONVERSION = YES;
				CLANG_WARN_INFINITE_RECURSION = YES;
				CLANG_WARN_INT_CONVERSION = YES;
				CLANG_WARN_NON_LITERAL_NULL_CONVERSION = YES;
				CLANG_WARN_OBJC_IMPLICIT_RETAIN_SELF = YES;
				CLANG_WARN_OBJC_LITERAL_CONVERSION = YES;
				CLANG_WARN_OBJC_ROOT_CLASS = YES_ERROR;
				CLANG_WARN_QUOTED_INCLUDE_IN_FRAMEWORK_HEADER = YES;
				CLANG_WARN_RANGE_LOOP_ANALYSIS = YES;
				CLANG_WARN_STRICT_PROTOTYPES = YES;
				CLANG_WARN_SUSPICIOUS_MOVE = YES;
				CLANG_WARN_UNGUARDED_AVAILABILITY = YES_AGGRESSIVE;
				CLANG_WARN_UNREACHABLE_CODE = YES;
				CLANG_WARN__DUPLICATE_METHOD_MATCH = YES;
				COPY_PHASE_STRIP = NO;
				DEBUG_INFORMATION_FORMAT = "dwarf-with-dsym";
				ENABLE_NS_ASSERTIONS = NO;
				ENABLE_STRICT_OBJC_MSGSEND = YES;
				GCC_C_LANGUAGE_STANDARD = gnu11;
				GCC_NO_COMMON_BLOCKS = YES;
				GCC_WARN_64_TO_32_BIT_CONVERSION = YES;
				GCC_WARN_ABOUT_RETURN_TYPE = YES_ERROR;
				GCC_WARN_UNDECLARED_SELECTOR = YES;
				GCC_WARN_UNINITIALIZED_AUTOS = YES_AGGRESSIVE;
				GCC_WARN_UNUSED_FUNCTION = YES;
				GCC_WARN_UNUSED_VARIABLE = YES;
				IPHONEOS_DEPLOYMENT_TARGET = 11.2;
				MTL_ENABLE_DEBUG_INFO = NO;
				MTL_FAST_MATH = YES;
				SDKROOT = iphoneos;
				SWIFT_COMPILATION_MODE = wholemodule;
				SWIFT_OPTIMIZATION_LEVEL = "-O";
				VALIDATE_PRODUCT = YES;
			};
			name = Release;
		};
		01232AF125A9C7D300F0BB42 /* Debug */ = {
			isa = XCBuildConfiguration;
			baseConfigurationReference = 09E221BF6B74908DB59A3406 /* Pods-Tropogo.debug.xcconfig */;
			buildSettings = {
				ASSETCATALOG_COMPILER_APPICON_NAME = AppIcon;
				ASSETCATALOG_COMPILER_GLOBAL_ACCENT_COLOR_NAME = AccentColor;
				CODE_SIGN_STYLE = Automatic;
				DEVELOPMENT_TEAM = 6ZM7RM34Z9;
				INFOPLIST_FILE = Tropogo/AppDelegateModel/infoPlist/Info.plist;
				IPHONEOS_DEPLOYMENT_TARGET = 11.2;
				LD_RUNPATH_SEARCH_PATHS = (
					"$(inherited)",
					"@executable_path/Frameworks",
				);
				OTHER_SWIFT_FLAGS = "-D Prod";
				PRODUCT_BUNDLE_IDENTIFIER = com.Forming.Tropogo;
				PRODUCT_NAME = "$(TARGET_NAME)";
				SWIFT_VERSION = 5.0;
				TARGETED_DEVICE_FAMILY = "1,2";
			};
			name = Debug;
		};
		01232AF225A9C7D300F0BB42 /* Release */ = {
			isa = XCBuildConfiguration;
			baseConfigurationReference = ABEC6CDE6F2F177C2A4B3D92 /* Pods-Tropogo.release.xcconfig */;
			buildSettings = {
				ASSETCATALOG_COMPILER_APPICON_NAME = AppIcon;
				ASSETCATALOG_COMPILER_GLOBAL_ACCENT_COLOR_NAME = AccentColor;
				CODE_SIGN_STYLE = Automatic;
				DEVELOPMENT_TEAM = 6ZM7RM34Z9;
				INFOPLIST_FILE = Tropogo/AppDelegateModel/infoPlist/Info.plist;
				IPHONEOS_DEPLOYMENT_TARGET = 11.2;
				LD_RUNPATH_SEARCH_PATHS = (
					"$(inherited)",
					"@executable_path/Frameworks",
				);
				OTHER_SWIFT_FLAGS = "-D Prod";
				PRODUCT_BUNDLE_IDENTIFIER = com.Forming.Tropogo;
				PRODUCT_NAME = "$(TARGET_NAME)";
				SWIFT_VERSION = 5.0;
				TARGETED_DEVICE_FAMILY = "1,2";
			};
			name = Release;
		};
		01D3C03525A9CAEB009684C8 /* Debug */ = {
			isa = XCBuildConfiguration;
			baseConfigurationReference = EE3765BA75B5276F98D3650C /* Pods-TropogoDev.debug.xcconfig */;
			buildSettings = {
				ASSETCATALOG_COMPILER_APPICON_NAME = AppIcon;
				ASSETCATALOG_COMPILER_GLOBAL_ACCENT_COLOR_NAME = AccentColor;
				CODE_SIGN_STYLE = Automatic;
				DEVELOPMENT_TEAM = 6ZM7RM34Z9;
				INFOPLIST_FILE = "Tropogo/AppDelegateModel/infoPlist/TropogoDev-Info.plist";
				IPHONEOS_DEPLOYMENT_TARGET = 11.2;
				LD_RUNPATH_SEARCH_PATHS = (
					"$(inherited)",
					"@executable_path/Frameworks",
				);
				OTHER_SWIFT_FLAGS = "-D Dev";
				PRODUCT_BUNDLE_IDENTIFIER = com.Forming.TropogoDev;
				PRODUCT_NAME = "$(TARGET_NAME)";
				SWIFT_VERSION = 5.0;
				TARGETED_DEVICE_FAMILY = "1,2";
			};
			name = Debug;
		};
		01D3C03625A9CAEB009684C8 /* Release */ = {
			isa = XCBuildConfiguration;
			baseConfigurationReference = E39F4F5EFA084BA5F3B538A3 /* Pods-TropogoDev.release.xcconfig */;
			buildSettings = {
				ASSETCATALOG_COMPILER_APPICON_NAME = AppIcon;
				ASSETCATALOG_COMPILER_GLOBAL_ACCENT_COLOR_NAME = AccentColor;
				CODE_SIGN_STYLE = Automatic;
				DEVELOPMENT_TEAM = 6ZM7RM34Z9;
				INFOPLIST_FILE = "Tropogo/AppDelegateModel/infoPlist/TropogoDev-Info.plist";
				IPHONEOS_DEPLOYMENT_TARGET = 11.2;
				LD_RUNPATH_SEARCH_PATHS = (
					"$(inherited)",
					"@executable_path/Frameworks",
				);
				OTHER_SWIFT_FLAGS = "-D Dev";
				PRODUCT_BUNDLE_IDENTIFIER = com.Forming.TropogoDev;
				PRODUCT_NAME = "$(TARGET_NAME)";
				SWIFT_VERSION = 5.0;
				TARGETED_DEVICE_FAMILY = "1,2";
			};
			name = Release;
		};
		01D3C04725A9CB7C009684C8 /* Debug */ = {
			isa = XCBuildConfiguration;
			baseConfigurationReference = D5280A0409961F5D6DD0E902 /* Pods-TropogoStag.debug.xcconfig */;
			buildSettings = {
				ASSETCATALOG_COMPILER_APPICON_NAME = AppIcon;
				ASSETCATALOG_COMPILER_GLOBAL_ACCENT_COLOR_NAME = AccentColor;
				CODE_SIGN_STYLE = Automatic;
				DEVELOPMENT_TEAM = 6ZM7RM34Z9;
				INFOPLIST_FILE = "Tropogo/AppDelegateModel/infoPlist/TropogoStaging-Info.plist";
				IPHONEOS_DEPLOYMENT_TARGET = 11.2;
				LD_RUNPATH_SEARCH_PATHS = (
					"$(inherited)",
					"@executable_path/Frameworks",
				);
				OTHER_SWIFT_FLAGS = "-D Stage";
				PRODUCT_BUNDLE_IDENTIFIER = com.Forming.TropogoStag;
				PRODUCT_NAME = "$(TARGET_NAME)";
				SWIFT_VERSION = 5.0;
				TARGETED_DEVICE_FAMILY = "1,2";
			};
			name = Debug;
		};
		01D3C04825A9CB7C009684C8 /* Release */ = {
			isa = XCBuildConfiguration;
			baseConfigurationReference = 6BA343D7CA5A4ACC1E443998 /* Pods-TropogoStag.release.xcconfig */;
			buildSettings = {
				ASSETCATALOG_COMPILER_APPICON_NAME = AppIcon;
				ASSETCATALOG_COMPILER_GLOBAL_ACCENT_COLOR_NAME = AccentColor;
				CODE_SIGN_STYLE = Automatic;
				DEVELOPMENT_TEAM = 6ZM7RM34Z9;
				INFOPLIST_FILE = "Tropogo/AppDelegateModel/infoPlist/TropogoStaging-Info.plist";
				IPHONEOS_DEPLOYMENT_TARGET = 11.2;
				LD_RUNPATH_SEARCH_PATHS = (
					"$(inherited)",
					"@executable_path/Frameworks",
				);
				OTHER_SWIFT_FLAGS = "-D Stage";
				PRODUCT_BUNDLE_IDENTIFIER = com.Forming.TropogoStag;
				PRODUCT_NAME = "$(TARGET_NAME)";
				SWIFT_VERSION = 5.0;
				TARGETED_DEVICE_FAMILY = "1,2";
			};
			name = Release;
		};
/* End XCBuildConfiguration section */

/* Begin XCConfigurationList section */
		01232AD725A9C7D000F0BB42 /* Build configuration list for PBXProject "Tropogo" */ = {
			isa = XCConfigurationList;
			buildConfigurations = (
				01232AEE25A9C7D300F0BB42 /* Debug */,
				01232AEF25A9C7D300F0BB42 /* Release */,
			);
			defaultConfigurationIsVisible = 0;
			defaultConfigurationName = Release;
		};
		01232AF025A9C7D300F0BB42 /* Build configuration list for PBXNativeTarget "Tropogo" */ = {
			isa = XCConfigurationList;
			buildConfigurations = (
				01232AF125A9C7D300F0BB42 /* Debug */,
				01232AF225A9C7D300F0BB42 /* Release */,
			);
			defaultConfigurationIsVisible = 0;
			defaultConfigurationName = Release;
		};
		01D3C03425A9CAEB009684C8 /* Build configuration list for PBXNativeTarget "TropogoDev" */ = {
			isa = XCConfigurationList;
			buildConfigurations = (
				01D3C03525A9CAEB009684C8 /* Debug */,
				01D3C03625A9CAEB009684C8 /* Release */,
			);
			defaultConfigurationIsVisible = 0;
			defaultConfigurationName = Release;
		};
		01D3C04625A9CB7C009684C8 /* Build configuration list for PBXNativeTarget "TropogoStag" */ = {
			isa = XCConfigurationList;
			buildConfigurations = (
				01D3C04725A9CB7C009684C8 /* Debug */,
				01D3C04825A9CB7C009684C8 /* Release */,
			);
			defaultConfigurationIsVisible = 0;
			defaultConfigurationName = Release;
		};
/* End XCConfigurationList section */
	};
	rootObject = 01232AD425A9C7D000F0BB42 /* Project object */;
}
